ï»¿
Microsoft Visual Studio Solution File, Format Version 12.00
# Visual Studio 15
VisualStudioVersion = 15.0.27703.2047
MinimumVisualStudioVersion = 10.0.40219.1
Project("{FAE04EC0-301F-11D3-BF4B-00C04F79EFBC}") = "Parsed", "Parsed\Parsed.csproj", "{73212F48-8363-4E80-A331-22C54C28ECC8}"
EndProject
Global
	GlobalSection(SolutionConfigurationPlatforms) = preSolution
		Debug|Any CPU = Debug|Any CPU
		Release|Any CPU = Release|Any CPU
	EndGlobalSection
	GlobalSection(ProjectConfigurationPlatforms) = postSolution
		{73212F48-8363-4E80-A331-22C54C28ECC8}.Debug|Any CPU.ActiveCfg = Debug|Any CPU
		{73212F48-8363-4E80-A331-22C54C28ECC8}.Debug|Any CPU.Build.0 = Debug|Any CPU
		{73212F48-8363-4E80-A331-22C54C28ECC8}.Release|Any CPU.ActiveCfg = Release|Any CPU
		{73212F48-8363-4E80-A331-22C54C28ECC8}.Release|Any CPU.Build.0 = Release|Any CPU
	EndGlobalSection
	GlobalSection(SolutionProperties) = preSolution
		HideSolutionNode = FALSE
	EndGlobalSection
	GlobalSection(ExtensibilityGlobals) = postSolution
		SolutionGuid = {F85BC789-1839-4F20-B636-8E68D512BFAB}
	EndGlobalSection
EndGlobal
